
Microsoft Visual Studio Solution File, Format Version 12.00
# Visual Studio Version 17
VisualStudioVersion = 17.4.32804.182
MinimumVisualStudioVersion = 10.0.40219.1
Project("{FAE04EC0-301F-11D3-BF4B-00C04F79EFBC}") = "AZ.Function.App", "AZ.Function.App\AZ.Function.App.csproj", "{D3274C7B-D687-4CF0-A645-7D825E526A62}"
EndProject
Global
	GlobalSection(SolutionConfigurationPlatforms) = preSolution
		Debug|Any CPU = Debug|Any CPU
		Release|Any CPU = Release|Any CPU
	EndGlobalSection
	GlobalSection(ProjectConfigurationPlatforms) = postSolution
		{D3274C7B-D687-4CF0-A645-7D825E526A62}.Debug|Any CPU.ActiveCfg = Debug|Any CPU
		{D3274C7B-D687-4CF0-A645-7D825E526A62}.Debug|Any CPU.Build.0 = Debug|Any CPU
		{D3274C7B-D687-4CF0-A645-7D825E526A62}.Release|Any CPU.ActiveCfg = Release|Any CPU
		{D3274C7B-D687-4CF0-A645-7D825E526A62}.Release|Any CPU.Build.0 = Release|Any CPU
	EndGlobalSection
	GlobalSection(SolutionProperties) = preSolution
		HideSolutionNode = FALSE
	EndGlobalSection
	GlobalSection(ExtensibilityGlobals) = postSolution
		SolutionGuid = {716F1D93-94B4-43B1-B8D2-855EEC538A76}
	EndGlobalSection
EndGlobal
